// !$*UTF8*$!
{
	archiveVersion = 1;
	classes = {
	};
	objectVersion = 46;
	objects = {

/* Begin PBXBuildFile section */
		DDCEE4201D43603A00C33C18 /* AppDelegate.swift in Sources */ = {isa = PBXBuildFile; fileRef = DDCEE41F1D43603A00C33C18 /* AppDelegate.swift */; };
		DDCEE4251D43603A00C33C18 /* Main.storyboard in Resources */ = {isa = PBXBuildFile; fileRef = DDCEE4231D43603A00C33C18 /* Main.storyboard */; };
		DDCEE4271D43603A00C33C18 /* Assets.xcassets in Resources */ = {isa = PBXBuildFile; fileRef = DDCEE4261D43603A00C33C18 /* Assets.xcassets */; };
		DDCEE42A1D43603A00C33C18 /* LaunchScreen.storyboard in Resources */ = {isa = PBXBuildFile; fileRef = DDCEE4281D43603A00C33C18 /* LaunchScreen.storyboard */; };
		DDCEE4321D43606400C33C18 /* TweetTableViewController.swift in Sources */ = {isa = PBXBuildFile; fileRef = DDCEE4311D43606400C33C18 /* TweetTableViewController.swift */; };
		DDCEE44A1D43657F00C33C18 /* Twitter.framework in Frameworks */ = {isa = PBXBuildFile; fileRef = DDCEE4491D43657F00C33C18 /* Twitter.framework */; };
		DDCEE44B1D43657F00C33C18 /* Twitter.framework in Embed Frameworks */ = {isa = PBXBuildFile; fileRef = DDCEE4491D43657F00C33C18 /* Twitter.framework */; settings = {ATTRIBUTES = (CodeSignOnCopy, RemoveHeadersOnCopy, ); }; };
		DDCEE44E1D436FBB00C33C18 /* TweetTableViewCell.swift in Sources */ = {isa = PBXBuildFile; fileRef = DDCEE44D1D436FBB00C33C18 /* TweetTableViewCell.swift */; };
/* End PBXBuildFile section */

/* Begin PBXCopyFilesBuildPhase section */
		DDCEE4481D43649D00C33C18 /* Embed Frameworks */ = {
			isa = PBXCopyFilesBuildPhase;
			buildActionMask = 2147483647;
			dstPath = "";
			dstSubfolderSpec = 10;
			files = (
				DDCEE44B1D43657F00C33C18 /* Twitter.framework in Embed Frameworks */,
			);
			name = "Embed Frameworks";
			runOnlyForDeploymentPostprocessing = 0;
		};
/* End PBXCopyFilesBuildPhase section */

/* Begin PBXFileReference section */
		DDCEE41C1D43603A00C33C18 /* Smashtag.app */ = {isa = PBXFileReference; explicitFileType = wrapper.application; includeInIndex = 0; path = Smashtag.app; sourceTree = BUILT_PRODUCTS_DIR; };
		DDCEE41F1D43603A00C33C18 /* AppDelegate.swift */ = {isa = PBXFileReference; lastKnownFileType = sourcecode.swift; path = AppDelegate.swift; sourceTree = "<group>"; };
		DDCEE4241D43603A00C33C18 /* Base */ = {isa = PBXFileReference; lastKnownFileType = file.storyboard; name = Base; path = Base.lproj/Main.storyboard; sourceTree = "<group>"; };
		DDCEE4261D43603A00C33C18 /* Assets.xcassets */ = {isa = PBXFileReference; lastKnownFileType = folder.assetcatalog; path = Assets.xcassets; sourceTree = "<group>"; };
		DDCEE4291D43603A00C33C18 /* Base */ = {isa = PBXFileReference; lastKnownFileType = file.storyboard; name = Base; path = Base.lproj/LaunchScreen.storyboard; sourceTree = "<group>"; };
		DDCEE42B1D43603A00C33C18 /* Info.plist */ = {isa = PBXFileReference; lastKnownFileType = text.plist.xml; path = Info.plist; sourceTree = "<group>"; };
		DDCEE4311D43606400C33C18 /* TweetTableViewController.swift */ = {isa = PBXFileReference; fileEncoding = 4; lastKnownFileType = sourcecode.swift; path = TweetTableViewController.swift; sourceTree = "<group>"; };
		DDCEE4491D43657F00C33C18 /* Twitter.framework */ = {isa = PBXFileReference; explicitFileType = wrapper.framework; name = Twitter.framework; path = "/Users/Vadim/Library/Developer/Xcode/DerivedData/_Lecture9-gyqjqgqkgfjwzyfqbtwppcmzrmso/Build/Products/Debug-iphoneos/Twitter.framework"; sourceTree = "<absolute>"; };
		DDCEE44D1D436FBB00C33C18 /* TweetTableViewCell.swift */ = {isa = PBXFileReference; fileEncoding = 4; lastKnownFileType = sourcecode.swift; path = TweetTableViewCell.swift; sourceTree = "<group>"; };
/* End PBXFileReference section */

/* Begin PBXFrameworksBuildPhase section */
		DDCEE4191D43603A00C33C18 /* Frameworks */ = {
			isa = PBXFrameworksBuildPhase;
			buildActionMask = 2147483647;
			files = (
				DDCEE44A1D43657F00C33C18 /* Twitter.framework in Frameworks */,
			);
			runOnlyForDeploymentPostprocessing = 0;
		};
/* End PBXFrameworksBuildPhase section */

/* Begin PBXGroup section */
		DDCEE4131D43603A00C33C18 = {
			isa = PBXGroup;
			children = (
				DDCEE4491D43657F00C33C18 /* Twitter.framework */,
				DDCEE41E1D43603A00C33C18 /* Smashtag */,
				DDCEE41D1D43603A00C33C18 /* Products */,
			);
			sourceTree = "<group>";
		};
		DDCEE41D1D43603A00C33C18 /* Products */ = {
			isa = PBXGroup;
			children = (
				DDCEE41C1D43603A00C33C18 /* Smashtag.app */,
			);
			name = Products;
			sourceTree = "<group>";
		};
		DDCEE41E1D43603A00C33C18 /* Smashtag */ = {
			isa = PBXGroup;
			children = (
				DDCEE44C1D436F8700C33C18 /* Supporting Files */,
				DDCEE4231D43603A00C33C18 /* Main.storyboard */,
				DDCEE4311D43606400C33C18 /* TweetTableViewController.swift */,
				DDCEE44D1D436FBB00C33C18 /* TweetTableViewCell.swift */,
			);
			path = Smashtag;
			sourceTree = "<group>";
		};
		DDCEE44C1D436F8700C33C18 /* Supporting Files */ = {
			isa = PBXGroup;
			children = (
				DDCEE4261D43603A00C33C18 /* Assets.xcassets */,
				DDCEE4281D43603A00C33C18 /* LaunchScreen.storyboard */,
				DDCEE42B1D43603A00C33C18 /* Info.plist */,
				DDCEE41F1D43603A00C33C18 /* AppDelegate.swift */,
			);
			name = "Supporting Files";
			sourceTree = "<group>";
		};
/* End PBXGroup section */

/* Begin PBXNativeTarget section */
		DDCEE41B1D43603A00C33C18 /* Smashtag */ = {
			isa = PBXNativeTarget;
			buildConfigurationList = DDCEE42E1D43603A00C33C18 /* Build configuration list for PBXNativeTarget "Smashtag" */;
			buildPhases = (
				DDCEE4181D43603A00C33C18 /* Sources */,
				DDCEE4191D43603A00C33C18 /* Frameworks */,
				DDCEE41A1D43603A00C33C18 /* Resources */,
				DDCEE4481D43649D00C33C18 /* Embed Frameworks */,
			);
			buildRules = (
			);
			dependencies = (
			);
			name = Smashtag;
			productName = Smashtag;
			productReference = DDCEE41C1D43603A00C33C18 /* Smashtag.app */;
			productType = "com.apple.product-type.application";
		};
/* End PBXNativeTarget section */

/* Begin PBXProject section */
		DDCEE4141D43603A00C33C18 /* Project object */ = {
			isa = PBXProject;
			attributes = {
				LastSwiftUpdateCheck = 0730;
				LastUpgradeCheck = 0730;
				ORGANIZATIONNAME = "Vadim Prosviryakov";
				TargetAttributes = {
					DDCEE41B1D43603A00C33C18 = {
						CreatedOnToolsVersion = 7.3.1;
						DevelopmentTeam = V6F9FUGHFC;
					};
				};
			};
			buildConfigurationList = DDCEE4171D43603A00C33C18 /* Build configuration list for PBXProject "Smashtag" */;
			compatibilityVersion = "Xcode 3.2";
			developmentRegion = English;
			hasScannedForEncodings = 0;
			knownRegions = (
				en,
				Base,
			);
			mainGroup = DDCEE4131D43603A00C33C18;
			productRefGroup = DDCEE41D1D43603A00C33C18 /* Products */;
			projectDirPath = "";
			projectRoot = "";
			targets = (
				DDCEE41B1D43603A00C33C18 /* Smashtag */,
			);
		};
/* End PBXProject section */

/* Begin PBXResourcesBuildPhase section */
		DDCEE41A1D43603A00C33C18 /* Resources */ = {
			isa = PBXResourcesBuildPhase;
			buildActionMask = 2147483647;
			files = (
				DDCEE42A1D43603A00C33C18 /* LaunchScreen.storyboard in Resources */,
				DDCEE4271D43603A00C33C18 /* Assets.xcassets in Resources */,
				DDCEE4251D43603A00C33C18 /* Main.storyboard in Resources */,
			);
			runOnlyForDeploymentPostprocessing = 0;
		};
/* End PBXResourcesBuildPhase section */

/* Begin PBXSourcesBuildPhase section */
		DDCEE4181D43603A00C33C18 /* Sources */ = {
			isa = PBXSourcesBuildPhase;
			buildActionMask = 2147483647;
			files = (
				DDCEE4201D43603A00C33C18 /* AppDelegate.swift in Sources */,
				DDCEE4321D43606400C33C18 /* TweetTableViewController.swift in Sources */,
				DDCEE44E1D436FBB00C33C18 /* TweetTableViewCell.swift in Sources */,
			);
			runOnlyForDeploymentPostprocessing = 0;
		};
/* End PBXSourcesBuildPhase section */

/* Begin PBXVariantGroup section */
		DDCEE4231D43603A00C33C18 /* Main.storyboard */ = {
			isa = PBXVariantGroup;
			children = (
				DDCEE4241D43603A00C33C18 /* Base */,
			);
			name = Main.storyboard;
			sourceTree = "<group>";
		};
		DDCEE4281D43603A00C33C18 /* LaunchScreen.storyboard */ = {
			isa = PBXVariantGroup;
			children = (
				DDCEE4291D43603A00C33C18 /* Base */,
			);
			name = LaunchScreen.storyboard;
			sourceTree = "<group>";
		};
/* End PBXVariantGroup section */

/* Begin XCBuildConfiguration section */
		DDCEE42C1D43603A00C33C18 /* Debug */ = {
			isa = XCBuildConfiguration;
			buildSettings = {
				ALWAYS_SEARCH_USER_PATHS = NO;
				CLANG_ANALYZER_NONNULL = YES;
				CLANG_CXX_LANGUAGE_STANDARD = "gnu++0x";
				CLANG_CXX_LIBRARY = "libc++";
				CLANG_ENABLE_MODULES = YES;
				CLANG_ENABLE_OBJC_ARC = YES;
				CLANG_WARN_BOOL_CONVERSION = YES;
				CLANG_WARN_CONSTANT_CONVERSION = YES;
				CLANG_WARN_DIRECT_OBJC_ISA_USAGE = YES_ERROR;
				CLANG_WARN_EMPTY_BODY = YES;
				CLANG_WARN_ENUM_CONVERSION = YES;
				CLANG_WARN_INT_CONVERSION = YES;
				CLANG_WARN_OBJC_ROOT_CLASS = YES_ERROR;
				CLANG_WARN_UNREACHABLE_CODE = YES;
				CLANG_WARN__DUPLICATE_METHOD_MATCH = YES;
				"CODE_SIGN_IDENTITY[sdk=iphoneos*]" = "iPhone Developer";
				COPY_PHASE_STRIP = NO;
				DEBUG_INFORMATION_FORMAT = dwarf;
				ENABLE_STRICT_OBJC_MSGSEND = YES;
				ENABLE_TESTABILITY = YES;
				GCC_C_LANGUAGE_STANDARD = gnu99;
				GCC_DYNAMIC_NO_PIC = NO;
				GCC_NO_COMMON_BLOCKS = YES;
				GCC_OPTIMIZATION_LEVEL = 0;
				GCC_PREPROCESSOR_DEFINITIONS = (
					"DEBUG=1",
					"$(inherited)",
				);
				GCC_WARN_64_TO_32_BIT_CONVERSION = YES;
				GCC_WARN_ABOUT_RETURN_TYPE = YES_ERROR;
				GCC_WARN_UNDECLARED_SELECTOR = YES;
				GCC_WARN_UNINITIALIZED_AUTOS = YES_AGGRESSIVE;
				GCC_WARN_UNUSED_FUNCTION = YES;
				GCC_WARN_UNUSED_VARIABLE = YES;
				IPHONEOS_DEPLOYMENT_TARGET = 9.3;
				MTL_ENABLE_DEBUG_INFO = YES;
				ONLY_ACTIVE_ARCH = YES;
				SDKROOT = iphoneos;
				SWIFT_OPTIMIZATION_LEVEL = "-Onone";
				TARGETED_DEVICE_FAMILY = "1,2";
			};
			name = Debug;
		};
		DDCEE42D1D43603A00C33C18 /* Release */ = {
			isa = XCBuildConfiguration;
			buildSettings = {
				ALWAYS_SEARCH_USER_PATHS = NO;
				CLANG_ANALYZER_NONNULL = YES;
				CLANG_CXX_LANGUAGE_STANDARD = "gnu++0x";
				CLANG_CXX_LIBRARY = "libc++";
				CLANG_ENABLE_MODULES = YES;
				CLANG_ENABLE_OBJC_ARC = YES;
				CLANG_WARN_BOOL_CONVERSION = YES;
				CLANG_WARN_CONSTANT_CONVERSION = YES;
				CLANG_WARN_DIRECT_OBJC_ISA_USAGE = YES_ERROR;
				CLANG_WARN_EMPTY_BODY = YES;
				CLANG_WARN_ENUM_CONVERSION = YES;
				CLANG_WARN_INT_CONVERSION = YES;
				CLANG_WARN_OBJC_ROOT_CLASS = YES_ERROR;
				CLANG_WARN_UNREACHABLE_CODE = YES;
				CLANG_WARN__DUPLICATE_METHOD_MATCH = YES;
				"CODE_SIGN_IDENTITY[sdk=iphoneos*]" = "iPhone Developer";
				COPY_PHASE_STRIP = NO;
				DEBUG_INFORMATION_FORMAT = "dwarf-with-dsym";
				ENABLE_NS_ASSERTIONS = NO;
				ENABLE_STRICT_OBJC_MSGSEND = YES;
				GCC_C_LANGUAGE_STANDARD = gnu99;
				GCC_NO_COMMON_BLOCKS = YES;
				GCC_WARN_64_TO_32_BIT_CONVERSION = YES;
				GCC_WARN_ABOUT_RETURN_TYPE = YES_ERROR;
				GCC_WARN_UNDECLARED_SELECTOR = YES;
				GCC_WARN_UNINITIALIZED_AUTOS = YES_AGGRESSIVE;
				GCC_WARN_UNUSED_FUNCTION = YES;
				GCC_WARN_UNUSED_VARIABLE = YES;
				IPHONEOS_DEPLOYMENT_TARGET = 9.3;
				MTL_ENABLE_DEBUG_INFO = NO;
				SDKROOT = iphoneos;
				TARGETED_DEVICE_FAMILY = "1,2";
				VALIDATE_PRODUCT = YES;
			};
			name = Release;
		};
		DDCEE42F1D43603A00C33C18 /* Debug */ = {
			isa = XCBuildConfiguration;
			buildSettings = {
				ASSETCATALOG_COMPILER_APPICON_NAME = AppIcon;
				INFOPLIST_FILE = Smashtag/Info.plist;
				LD_RUNPATH_SEARCH_PATHS = "$(inherited) @executable_path/Frameworks";
				PRODUCT_BUNDLE_IDENTIFIER = com.vadimprosviryakov.Smashtag;
				PRODUCT_NAME = "$(TARGET_NAME)";
			};
			name = Debug;
		};
		DDCEE4301D43603A00C33C18 /* Release */ = {
			isa = XCBuildConfiguration;
			buildSettings = {
				ASSETCATALOG_COMPILER_APPICON_NAME = AppIcon;
				INFOPLIST_FILE = Smashtag/Info.plist;
				LD_RUNPATH_SEARCH_PATHS = "$(inherited) @executable_path/Frameworks";
				PRODUCT_BUNDLE_IDENTIFIER = com.vadimprosviryakov.Smashtag;
				PRODUCT_NAME = "$(TARGET_NAME)";
			};
			name = Release;
		};
/* End XCBuildConfiguration section */

/* Begin XCConfigurationList section */
		DDCEE4171D43603A00C33C18 /* Build configuration list for PBXProject "Smashtag" */ = {
			isa = XCConfigurationList;
			buildConfigurations = (
				DDCEE42C1D43603A00C33C18 /* Debug */,
				DDCEE42D1D43603A00C33C18 /* Release */,
			);
			defaultConfigurationIsVisible = 0;
			defaultConfigurationName = Release;
		};
		DDCEE42E1D43603A00C33C18 /* Build configuration list for PBXNativeTarget "Smashtag" */ = {
			isa = XCConfigurationList;
			buildConfigurations = (
				DDCEE42F1D43603A00C33C18 /* Debug */,
				DDCEE4301D43603A00C33C18 /* Release */,
			);
			defaultConfigurationIsVisible = 0;
			defaultConfigurationName = Release;
		};
/* End XCConfigurationList section */
	};
	rootObject = DDCEE4141D43603A00C33C18 /* Project object */;
}
